
Microsoft Visual Studio Solution File, Format Version 12.00
# Visual Studio Version 17
VisualStudioVersion = 17.4.33205.214
MinimumVisualStudioVersion = 10.0.40219.1
Project("{FAE04EC0-301F-11D3-BF4B-00C04F79EFBC}") = "api2", "api2\api2.csproj", "{7A88AA1C-A8D3-4614-924F-28591A52B187}"
EndProject
Global
	GlobalSection(SolutionConfigurationPlatforms) = preSolution
		Debug|Any CPU = Debug|Any CPU
		Release|Any CPU = Release|Any CPU
	EndGlobalSection
	GlobalSection(ProjectConfigurationPlatforms) = postSolution
		{7A88AA1C-A8D3-4614-924F-28591A52B187}.Debug|Any CPU.ActiveCfg = Debug|Any CPU
		{7A88AA1C-A8D3-4614-924F-28591A52B187}.Debug|Any CPU.Build.0 = Debug|Any CPU
		{7A88AA1C-A8D3-4614-924F-28591A52B187}.Release|Any CPU.ActiveCfg = Release|Any CPU
		{7A88AA1C-A8D3-4614-924F-28591A52B187}.Release|Any CPU.Build.0 = Release|Any CPU
	EndGlobalSection
	GlobalSection(SolutionProperties) = preSolution
		HideSolutionNode = FALSE
	EndGlobalSection
	GlobalSection(ExtensibilityGlobals) = postSolution
		SolutionGuid = {329FC45E-29F2-4EA3-9F12-57D0F5350B91}
	EndGlobalSection
EndGlobal
